
Microsoft Visual Studio Solution File, Format Version 12.00
# Visual Studio Version 17
VisualStudioVersion = 17.5.33516.290
MinimumVisualStudioVersion = 10.0.40219.1
Project("{FAE04EC0-301F-11D3-BF4B-00C04F79EFBC}") = "ArtyHome", "ArtyHome\ArtyHome.csproj", "{3BEEFF2A-6E25-428E-83BB-D96C0E3CCA43}"
EndProject
Project("{FAE04EC0-301F-11D3-BF4B-00C04F79EFBC}") = "ArtyAssistant", "ArtyAssistant\ArtyAssistant.csproj", "{0795964A-99C8-4291-984D-9344B51339B4}"
EndProject
Global
	GlobalSection(SolutionConfigurationPlatforms) = preSolution
		Debug|Any CPU = Debug|Any CPU
		Release|Any CPU = Release|Any CPU
	EndGlobalSection
	GlobalSection(ProjectConfigurationPlatforms) = postSolution
		{3BEEFF2A-6E25-428E-83BB-D96C0E3CCA43}.Debug|Any CPU.ActiveCfg = Debug|Any CPU
		{3BEEFF2A-6E25-428E-83BB-D96C0E3CCA43}.Debug|Any CPU.Build.0 = Debug|Any CPU
		{3BEEFF2A-6E25-428E-83BB-D96C0E3CCA43}.Release|Any CPU.ActiveCfg = Release|Any CPU
		{3BEEFF2A-6E25-428E-83BB-D96C0E3CCA43}.Release|Any CPU.Build.0 = Release|Any CPU
		{0795964A-99C8-4291-984D-9344B51339B4}.Debug|Any CPU.ActiveCfg = Debug|Any CPU
		{0795964A-99C8-4291-984D-9344B51339B4}.Debug|Any CPU.Build.0 = Debug|Any CPU
		{0795964A-99C8-4291-984D-9344B51339B4}.Release|Any CPU.ActiveCfg = Release|Any CPU
		{0795964A-99C8-4291-984D-9344B51339B4}.Release|Any CPU.Build.0 = Release|Any CPU
	EndGlobalSection
	GlobalSection(SolutionProperties) = preSolution
		HideSolutionNode = FALSE
	EndGlobalSection
	GlobalSection(ExtensibilityGlobals) = postSolution
		SolutionGuid = {366B45A8-3A45-4A78-B6AD-698F744EC06E}
	EndGlobalSection
EndGlobal
